
Microsoft Visual Studio Solution File, Format Version 12.00
# Visual Studio Version 16
VisualStudioVersion = 16.0.31129.286
MinimumVisualStudioVersion = 10.0.40219.1
Project("{FAE04EC0-301F-11D3-BF4B-00C04F79EFBC}") = "gitapp", "gitapp\gitapp.csproj", "{AA988BFF-90DE-4266-8036-9B25138C836A}"
EndProject
Global
	GlobalSection(SolutionConfigurationPlatforms) = preSolution
		Debug|Any CPU = Debug|Any CPU
		Release|Any CPU = Release|Any CPU
	EndGlobalSection
	GlobalSection(ProjectConfigurationPlatforms) = postSolution
		{AA988BFF-90DE-4266-8036-9B25138C836A}.Debug|Any CPU.ActiveCfg = Debug|Any CPU
		{AA988BFF-90DE-4266-8036-9B25138C836A}.Debug|Any CPU.Build.0 = Debug|Any CPU
		{AA988BFF-90DE-4266-8036-9B25138C836A}.Release|Any CPU.ActiveCfg = Release|Any CPU
		{AA988BFF-90DE-4266-8036-9B25138C836A}.Release|Any CPU.Build.0 = Release|Any CPU
	EndGlobalSection
	GlobalSection(SolutionProperties) = preSolution
		HideSolutionNode = FALSE
	EndGlobalSection
	GlobalSection(ExtensibilityGlobals) = postSolution
		SolutionGuid = {F3ABE13A-334A-4B4D-B4AE-13A746A488B3}
	EndGlobalSection
EndGlobal
